
Microsoft Visual Studio Solution File, Format Version 12.00
# Visual Studio Version 17
VisualStudioVersion = 17.0.31903.59
MinimumVisualStudioVersion = 10.0.40219.1
Project("{2150E333-8FDC-42A3-9474-1A3956D46DE8}") = "src", "src", "{BE239681-B468-42DE-A466-9976FCD81C75}"
EndProject
Project("{FAE04EC0-301F-11D3-BF4B-00C04F79EFBC}") = "CodeMusic.Server", "src\CodeMusic.Server\CodeMusic.Server.csproj", "{D8353479-70AA-4B5F-BAB0-89C94B1DB367}"
EndProject
Project("{FAE04EC0-301F-11D3-BF4B-00C04F79EFBC}") = "CodeMusic.Client", "src\CodeMusic.Client\CodeMusic.Client.csproj", "{BFBE961B-4472-4D4D-AC57-1D2473AFBF87}"
EndProject
Global
	GlobalSection(SolutionConfigurationPlatforms) = preSolution
		Debug|Any CPU = Debug|Any CPU
		Release|Any CPU = Release|Any CPU
	EndGlobalSection
	GlobalSection(SolutionProperties) = preSolution
		HideSolutionNode = FALSE
	EndGlobalSection
	GlobalSection(ProjectConfigurationPlatforms) = postSolution
		{D8353479-70AA-4B5F-BAB0-89C94B1DB367}.Debug|Any CPU.ActiveCfg = Debug|Any CPU
		{D8353479-70AA-4B5F-BAB0-89C94B1DB367}.Debug|Any CPU.Build.0 = Debug|Any CPU
		{D8353479-70AA-4B5F-BAB0-89C94B1DB367}.Release|Any CPU.ActiveCfg = Release|Any CPU
		{D8353479-70AA-4B5F-BAB0-89C94B1DB367}.Release|Any CPU.Build.0 = Release|Any CPU
		{BFBE961B-4472-4D4D-AC57-1D2473AFBF87}.Debug|Any CPU.ActiveCfg = Debug|Any CPU
		{BFBE961B-4472-4D4D-AC57-1D2473AFBF87}.Debug|Any CPU.Build.0 = Debug|Any CPU
		{BFBE961B-4472-4D4D-AC57-1D2473AFBF87}.Release|Any CPU.ActiveCfg = Release|Any CPU
		{BFBE961B-4472-4D4D-AC57-1D2473AFBF87}.Release|Any CPU.Build.0 = Release|Any CPU
	EndGlobalSection
	GlobalSection(NestedProjects) = preSolution
		{D8353479-70AA-4B5F-BAB0-89C94B1DB367} = {BE239681-B468-42DE-A466-9976FCD81C75}
		{BFBE961B-4472-4D4D-AC57-1D2473AFBF87} = {BE239681-B468-42DE-A466-9976FCD81C75}
	EndGlobalSection
EndGlobal
